
Microsoft Visual Studio Solution File, Format Version 12.00
# Visual Studio Version 16
VisualStudioVersion = 16.0.29025.244
MinimumVisualStudioVersion = 10.0.40219.1
Project("{9A19103F-16F7-4668-BE54-9A1E7A4F7556}") = "Application", "Application\Application.csproj", "{F23D870D-A84C-442D-9C62-2ECC0E80C146}"
EndProject
Project("{2150E333-8FDC-42A3-9474-1A3956D46DE8}") = "Presentaion", "Presentaion", "{2A3272C6-9AFA-4622-9AED-65255707DA3E}"
EndProject
Project("{2150E333-8FDC-42A3-9474-1A3956D46DE8}") = "Mobile", "Mobile", "{CFA4655F-E23C-4E4B-99B1-99BC1E992BE7}"
EndProject
Project("{2150E333-8FDC-42A3-9474-1A3956D46DE8}") = "Desktop", "Desktop", "{D1643968-EA81-4AFA-8FE5-D13A18CAD3FF}"
EndProject
Project("{9A19103F-16F7-4668-BE54-9A1E7A4F7556}") = "Presentaion.Mobile", "Presentaion\Mobile\Presentaion.Mobile\Presentaion.Mobile.csproj", "{1D49AB2B-355D-4755-8CA6-682EE6BFE872}"
EndProject
Project("{FAE04EC0-301F-11D3-BF4B-00C04F79EFBC}") = "Presentaion.Mobile.Android", "Presentaion\Mobile\Presentaion.Mobile.Android\Presentaion.Mobile.Android.csproj", "{2C01502B-9B3B-49D7-B3D8-82B8C782FA5F}"
EndProject
Project("{FAE04EC0-301F-11D3-BF4B-00C04F79EFBC}") = "Presentaion.Mobile.iOS", "Presentaion\Mobile\Presentaion.Mobile.iOS\Presentaion.Mobile.iOS.csproj", "{07059489-B792-4321-AEC1-5FBF395B2332}"
EndProject
Project("{FAE04EC0-301F-11D3-BF4B-00C04F79EFBC}") = "Presentaion.Mobile.UWP", "Presentaion\Mobile\Presentaion.Mobile.UWP\Presentaion.Mobile.UWP.csproj", "{033C3781-98D0-45CF-88F7-DB810FC18549}"
EndProject
Project("{9A19103F-16F7-4668-BE54-9A1E7A4F7556}") = "Persistance", "Persistance\Persistance.csproj", "{64C9DF2D-D0ED-4C94-8818-D15EE191A3C9}"
EndProject
Project("{9A19103F-16F7-4668-BE54-9A1E7A4F7556}") = "Common", "Common\Common.csproj", "{E7E1C814-58D2-41DC-99A6-8166F69EA478}"
EndProject
Project("{9A19103F-16F7-4668-BE54-9A1E7A4F7556}") = "Domain", "Domain\Domain.csproj", "{76A118BA-0C1C-49B1-94B9-33BD069497FC}"
EndProject
Project("{FAE04EC0-301F-11D3-BF4B-00C04F79EFBC}") = "Presentation.Desktop.macOS", "Presentaion\Desktop\Presentaion.Desktop.macOS\Presentation.Desktop.macOS.csproj", "{E2D5DDD1-CC4E-41B1-A6EF-6BAB2F3EA9BD}"
EndProject
Project("{FAE04EC0-301F-11D3-BF4B-00C04F79EFBC}") = "Presentaion.Desktop.WPF", "Presentaion\Desktop\Presentaion.Desktop.WPF\Presentaion.Desktop.WPF.csproj", "{43BCA91B-AC27-4C29-A845-3E847EA64596}"
	ProjectSection(ProjectDependencies) = postProject
		{F23D870D-A84C-442D-9C62-2ECC0E80C146} = {F23D870D-A84C-442D-9C62-2ECC0E80C146}
		{E7E1C814-58D2-41DC-99A6-8166F69EA478} = {E7E1C814-58D2-41DC-99A6-8166F69EA478}
		{64C9DF2D-D0ED-4C94-8818-D15EE191A3C9} = {64C9DF2D-D0ED-4C94-8818-D15EE191A3C9}
		{76A118BA-0C1C-49B1-94B9-33BD069497FC} = {76A118BA-0C1C-49B1-94B9-33BD069497FC}
	EndProjectSection
EndProject
Global
	GlobalSection(SolutionConfigurationPlatforms) = preSolution
		Debug|Any CPU = Debug|Any CPU
		Debug|ARM = Debug|ARM
		Debug|iPhone = Debug|iPhone
		Debug|iPhoneSimulator = Debug|iPhoneSimulator
		Debug|x64 = Debug|x64
		Debug|x86 = Debug|x86
		Release|Any CPU = Release|Any CPU
		Release|ARM = Release|ARM
		Release|iPhone = Release|iPhone
		Release|iPhoneSimulator = Release|iPhoneSimulator
		Release|x64 = Release|x64
		Release|x86 = Release|x86
	EndGlobalSection
	GlobalSection(ProjectConfigurationPlatforms) = postSolution
		{F23D870D-A84C-442D-9C62-2ECC0E80C146}.Debug|Any CPU.ActiveCfg = Debug|Any CPU
		{F23D870D-A84C-442D-9C62-2ECC0E80C146}.Debug|Any CPU.Build.0 = Debug|Any CPU
		{F23D870D-A84C-442D-9C62-2ECC0E80C146}.Debug|ARM.ActiveCfg = Debug|Any CPU
		{F23D870D-A84C-442D-9C62-2ECC0E80C146}.Debug|ARM.Build.0 = Debug|Any CPU
		{F23D870D-A84C-442D-9C62-2ECC0E80C146}.Debug|iPhone.ActiveCfg = Debug|Any CPU
		{F23D870D-A84C-442D-9C62-2ECC0E80C146}.Debug|iPhone.Build.0 = Debug|Any CPU
		{F23D870D-A84C-442D-9C62-2ECC0E80C146}.Debug|iPhoneSimulator.ActiveCfg = Debug|Any CPU
		{F23D870D-A84C-442D-9C62-2ECC0E80C146}.Debug|iPhoneSimulator.Build.0 = Debug|Any CPU
		{F23D870D-A84C-442D-9C62-2ECC0E80C146}.Debug|x64.ActiveCfg = Debug|Any CPU
		{F23D870D-A84C-442D-9C62-2ECC0E80C146}.Debug|x64.Build.0 = Debug|Any CPU
		{F23D870D-A84C-442D-9C62-2ECC0E80C146}.Debug|x86.ActiveCfg = Debug|Any CPU
		{F23D870D-A84C-442D-9C62-2ECC0E80C146}.Debug|x86.Build.0 = Debug|Any CPU
		{F23D870D-A84C-442D-9C62-2ECC0E80C146}.Release|Any CPU.ActiveCfg = Release|Any CPU
		{F23D870D-A84C-442D-9C62-2ECC0E80C146}.Release|Any CPU.Build.0 = Release|Any CPU
		{F23D870D-A84C-442D-9C62-2ECC0E80C146}.Release|ARM.ActiveCfg = Release|Any CPU
		{F23D870D-A84C-442D-9C62-2ECC0E80C146}.Release|ARM.Build.0 = Release|Any CPU
		{F23D870D-A84C-442D-9C62-2ECC0E80C146}.Release|iPhone.ActiveCfg = Release|Any CPU
		{F23D870D-A84C-442D-9C62-2ECC0E80C146}.Release|iPhone.Build.0 = Release|Any CPU
		{F23D870D-A84C-442D-9C62-2ECC0E80C146}.Release|iPhoneSimulator.ActiveCfg = Release|Any CPU
		{F23D870D-A84C-442D-9C62-2ECC0E80C146}.Release|iPhoneSimulator.Build.0 = Release|Any CPU
		{F23D870D-A84C-442D-9C62-2ECC0E80C146}.Release|x64.ActiveCfg = Release|Any CPU
		{F23D870D-A84C-442D-9C62-2ECC0E80C146}.Release|x64.Build.0 = Release|Any CPU
		{F23D870D-A84C-442D-9C62-2ECC0E80C146}.Release|x86.ActiveCfg = Release|Any CPU
		{F23D870D-A84C-442D-9C62-2ECC0E80C146}.Release|x86.Build.0 = Release|Any CPU
		{1D49AB2B-355D-4755-8CA6-682EE6BFE872}.Debug|Any CPU.ActiveCfg = Debug|Any CPU
		{1D49AB2B-355D-4755-8CA6-682EE6BFE872}.Debug|Any CPU.Build.0 = Debug|Any CPU
		{1D49AB2B-355D-4755-8CA6-682EE6BFE872}.Debug|ARM.ActiveCfg = Debug|Any CPU
		{1D49AB2B-355D-4755-8CA6-682EE6BFE872}.Debug|ARM.Build.0 = Debug|Any CPU
		{1D49AB2B-355D-4755-8CA6-682EE6BFE872}.Debug|iPhone.ActiveCfg = Debug|Any CPU
		{1D49AB2B-355D-4755-8CA6-682EE6BFE872}.Debug|iPhone.Build.0 = Debug|Any CPU
		{1D49AB2B-355D-4755-8CA6-682EE6BFE872}.Debug|iPhoneSimulator.ActiveCfg = Debug|Any CPU
		{1D49AB2B-355D-4755-8CA6-682EE6BFE872}.Debug|iPhoneSimulator.Build.0 = Debug|Any CPU
		{1D49AB2B-355D-4755-8CA6-682EE6BFE872}.Debug|x64.ActiveCfg = Debug|Any CPU
		{1D49AB2B-355D-4755-8CA6-682EE6BFE872}.Debug|x64.Build.0 = Debug|Any CPU
		{1D49AB2B-355D-4755-8CA6-682EE6BFE872}.Debug|x86.ActiveCfg = Debug|Any CPU
		{1D49AB2B-355D-4755-8CA6-682EE6BFE872}.Debug|x86.Build.0 = Debug|Any CPU
		{1D49AB2B-355D-4755-8CA6-682EE6BFE872}.Release|Any CPU.ActiveCfg = Release|Any CPU
		{1D49AB2B-355D-4755-8CA6-682EE6BFE872}.Release|Any CPU.Build.0 = Release|Any CPU
		{1D49AB2B-355D-4755-8CA6-682EE6BFE872}.Release|ARM.ActiveCfg = Release|Any CPU
		{1D49AB2B-355D-4755-8CA6-682EE6BFE872}.Release|ARM.Build.0 = Release|Any CPU
		{1D49AB2B-355D-4755-8CA6-682EE6BFE872}.Release|iPhone.ActiveCfg = Release|Any CPU
		{1D49AB2B-355D-4755-8CA6-682EE6BFE872}.Release|iPhone.Build.0 = Release|Any CPU
		{1D49AB2B-355D-4755-8CA6-682EE6BFE872}.Release|iPhoneSimulator.ActiveCfg = Release|Any CPU
		{1D49AB2B-355D-4755-8CA6-682EE6BFE872}.Release|iPhoneSimulator.Build.0 = Release|Any CPU
		{1D49AB2B-355D-4755-8CA6-682EE6BFE872}.Release|x64.ActiveCfg = Release|Any CPU
		{1D49AB2B-355D-4755-8CA6-682EE6BFE872}.Release|x64.Build.0 = Release|Any CPU
		{1D49AB2B-355D-4755-8CA6-682EE6BFE872}.Release|x86.ActiveCfg = Release|Any CPU
		{1D49AB2B-355D-4755-8CA6-682EE6BFE872}.Release|x86.Build.0 = Release|Any CPU
		{2C01502B-9B3B-49D7-B3D8-82B8C782FA5F}.Debug|Any CPU.ActiveCfg = Debug|Any CPU
		{2C01502B-9B3B-49D7-B3D8-82B8C782FA5F}.Debug|Any CPU.Build.0 = Debug|Any CPU
		{2C01502B-9B3B-49D7-B3D8-82B8C782FA5F}.Debug|Any CPU.Deploy.0 = Debug|Any CPU
		{2C01502B-9B3B-49D7-B3D8-82B8C782FA5F}.Debug|ARM.ActiveCfg = Debug|Any CPU
		{2C01502B-9B3B-49D7-B3D8-82B8C782FA5F}.Debug|ARM.Build.0 = Debug|Any CPU
		{2C01502B-9B3B-49D7-B3D8-82B8C782FA5F}.Debug|ARM.Deploy.0 = Debug|Any CPU
		{2C01502B-9B3B-49D7-B3D8-82B8C782FA5F}.Debug|iPhone.ActiveCfg = Debug|Any CPU
		{2C01502B-9B3B-49D7-B3D8-82B8C782FA5F}.Debug|iPhone.Build.0 = Debug|Any CPU
		{2C01502B-9B3B-49D7-B3D8-82B8C782FA5F}.Debug|iPhone.Deploy.0 = Debug|Any CPU
		{2C01502B-9B3B-49D7-B3D8-82B8C782FA5F}.Debug|iPhoneSimulator.ActiveCfg = Debug|Any CPU
		{2C01502B-9B3B-49D7-B3D8-82B8C782FA5F}.Debug|iPhoneSimulator.Build.0 = Debug|Any CPU
		{2C01502B-9B3B-49D7-B3D8-82B8C782FA5F}.Debug|iPhoneSimulator.Deploy.0 = Debug|Any CPU
		{2C01502B-9B3B-49D7-B3D8-82B8C782FA5F}.Debug|x64.ActiveCfg = Debug|Any CPU
		{2C01502B-9B3B-49D7-B3D8-82B8C782FA5F}.Debug|x64.Build.0 = Debug|Any CPU
		{2C01502B-9B3B-49D7-B3D8-82B8C782FA5F}.Debug|x64.Deploy.0 = Debug|Any CPU
		{2C01502B-9B3B-49D7-B3D8-82B8C782FA5F}.Debug|x86.ActiveCfg = Debug|Any CPU
		{2C01502B-9B3B-49D7-B3D8-82B8C782FA5F}.Debug|x86.Build.0 = Debug|Any CPU
		{2C01502B-9B3B-49D7-B3D8-82B8C782FA5F}.Debug|x86.Deploy.0 = Debug|Any CPU
		{2C01502B-9B3B-49D7-B3D8-82B8C782FA5F}.Release|Any CPU.ActiveCfg = Release|Any CPU
		{2C01502B-9B3B-49D7-B3D8-82B8C782FA5F}.Release|Any CPU.Build.0 = Release|Any CPU
		{2C01502B-9B3B-49D7-B3D8-82B8C782FA5F}.Release|Any CPU.Deploy.0 = Release|Any CPU
		{2C01502B-9B3B-49D7-B3D8-82B8C782FA5F}.Release|ARM.ActiveCfg = Release|Any CPU
		{2C01502B-9B3B-49D7-B3D8-82B8C782FA5F}.Release|ARM.Build.0 = Release|Any CPU
		{2C01502B-9B3B-49D7-B3D8-82B8C782FA5F}.Release|ARM.Deploy.0 = Release|Any CPU
		{2C01502B-9B3B-49D7-B3D8-82B8C782FA5F}.Release|iPhone.ActiveCfg = Release|Any CPU
		{2C01502B-9B3B-49D7-B3D8-82B8C782FA5F}.Release|iPhone.Build.0 = Release|Any CPU
		{2C01502B-9B3B-49D7-B3D8-82B8C782FA5F}.Release|iPhone.Deploy.0 = Release|Any CPU
		{2C01502B-9B3B-49D7-B3D8-82B8C782FA5F}.Release|iPhoneSimulator.ActiveCfg = Release|Any CPU
		{2C01502B-9B3B-49D7-B3D8-82B8C782FA5F}.Release|iPhoneSimulator.Build.0 = Release|Any CPU
		{2C01502B-9B3B-49D7-B3D8-82B8C782FA5F}.Release|iPhoneSimulator.Deploy.0 = Release|Any CPU
		{2C01502B-9B3B-49D7-B3D8-82B8C782FA5F}.Release|x64.ActiveCfg = Release|Any CPU
		{2C01502B-9B3B-49D7-B3D8-82B8C782FA5F}.Release|x64.Build.0 = Release|Any CPU
		{2C01502B-9B3B-49D7-B3D8-82B8C782FA5F}.Release|x64.Deploy.0 = Release|Any CPU
		{2C01502B-9B3B-49D7-B3D8-82B8C782FA5F}.Release|x86.ActiveCfg = Release|Any CPU
		{2C01502B-9B3B-49D7-B3D8-82B8C782FA5F}.Release|x86.Build.0 = Release|Any CPU
		{2C01502B-9B3B-49D7-B3D8-82B8C782FA5F}.Release|x86.Deploy.0 = Release|Any CPU
		{07059489-B792-4321-AEC1-5FBF395B2332}.Debug|Any CPU.ActiveCfg = Debug|iPhone
		{07059489-B792-4321-AEC1-5FBF395B2332}.Debug|ARM.ActiveCfg = Debug|iPhone
		{07059489-B792-4321-AEC1-5FBF395B2332}.Debug|iPhone.ActiveCfg = Debug|iPhone
		{07059489-B792-4321-AEC1-5FBF395B2332}.Debug|iPhone.Build.0 = Debug|iPhone
		{07059489-B792-4321-AEC1-5FBF395B2332}.Debug|iPhoneSimulator.ActiveCfg = Debug|iPhoneSimulator
		{07059489-B792-4321-AEC1-5FBF395B2332}.Debug|iPhoneSimulator.Build.0 = Debug|iPhoneSimulator
		{07059489-B792-4321-AEC1-5FBF395B2332}.Debug|x64.ActiveCfg = Debug|iPhone
		{07059489-B792-4321-AEC1-5FBF395B2332}.Debug|x86.ActiveCfg = Debug|iPhone
		{07059489-B792-4321-AEC1-5FBF395B2332}.Release|Any CPU.ActiveCfg = Release|iPhone
		{07059489-B792-4321-AEC1-5FBF395B2332}.Release|ARM.ActiveCfg = Release|iPhone
		{07059489-B792-4321-AEC1-5FBF395B2332}.Release|iPhone.ActiveCfg = Release|iPhone
		{07059489-B792-4321-AEC1-5FBF395B2332}.Release|iPhone.Build.0 = Release|iPhone
		{07059489-B792-4321-AEC1-5FBF395B2332}.Release|iPhoneSimulator.ActiveCfg = Release|iPhoneSimulator
		{07059489-B792-4321-AEC1-5FBF395B2332}.Release|iPhoneSimulator.Build.0 = Release|iPhoneSimulator
		{07059489-B792-4321-AEC1-5FBF395B2332}.Release|x64.ActiveCfg = Release|iPhone
		{07059489-B792-4321-AEC1-5FBF395B2332}.Release|x86.ActiveCfg = Release|iPhone
		{033C3781-98D0-45CF-88F7-DB810FC18549}.Debug|Any CPU.ActiveCfg = Debug|x86
		{033C3781-98D0-45CF-88F7-DB810FC18549}.Debug|ARM.ActiveCfg = Debug|ARM
		{033C3781-98D0-45CF-88F7-DB810FC18549}.Debug|ARM.Build.0 = Debug|ARM
		{033C3781-98D0-45CF-88F7-DB810FC18549}.Debug|ARM.Deploy.0 = Debug|ARM
		{033C3781-98D0-45CF-88F7-DB810FC18549}.Debug|iPhone.ActiveCfg = Debug|x86
		{033C3781-98D0-45CF-88F7-DB810FC18549}.Debug|iPhoneSimulator.ActiveCfg = Debug|x86
		{033C3781-98D0-45CF-88F7-DB810FC18549}.Debug|x64.ActiveCfg = Debug|x64
		{033C3781-98D0-45CF-88F7-DB810FC18549}.Debug|x64.Build.0 = Debug|x64
		{033C3781-98D0-45CF-88F7-DB810FC18549}.Debug|x64.Deploy.0 = Debug|x64
		{033C3781-98D0-45CF-88F7-DB810FC18549}.Debug|x86.ActiveCfg = Debug|x86
		{033C3781-98D0-45CF-88F7-DB810FC18549}.Debug|x86.Build.0 = Debug|x86
		{033C3781-98D0-45CF-88F7-DB810FC18549}.Debug|x86.Deploy.0 = Debug|x86
		{033C3781-98D0-45CF-88F7-DB810FC18549}.Release|Any CPU.ActiveCfg = Release|x86
		{033C3781-98D0-45CF-88F7-DB810FC18549}.Release|ARM.ActiveCfg = Release|ARM
		{033C3781-98D0-45CF-88F7-DB810FC18549}.Release|ARM.Build.0 = Release|ARM
		{033C3781-98D0-45CF-88F7-DB810FC18549}.Release|ARM.Deploy.0 = Release|ARM
		{033C3781-98D0-45CF-88F7-DB810FC18549}.Release|iPhone.ActiveCfg = Release|x86
		{033C3781-98D0-45CF-88F7-DB810FC18549}.Release|iPhoneSimulator.ActiveCfg = Release|x86
		{033C3781-98D0-45CF-88F7-DB810FC18549}.Release|x64.ActiveCfg = Release|x64
		{033C3781-98D0-45CF-88F7-DB810FC18549}.Release|x64.Build.0 = Release|x64
		{033C3781-98D0-45CF-88F7-DB810FC18549}.Release|x64.Deploy.0 = Release|x64
		{033C3781-98D0-45CF-88F7-DB810FC18549}.Release|x86.ActiveCfg = Release|x86
		{033C3781-98D0-45CF-88F7-DB810FC18549}.Release|x86.Build.0 = Release|x86
		{033C3781-98D0-45CF-88F7-DB810FC18549}.Release|x86.Deploy.0 = Release|x86
		{64C9DF2D-D0ED-4C94-8818-D15EE191A3C9}.Debug|Any CPU.ActiveCfg = Debug|Any CPU
		{64C9DF2D-D0ED-4C94-8818-D15EE191A3C9}.Debug|Any CPU.Build.0 = Debug|Any CPU
		{64C9DF2D-D0ED-4C94-8818-D15EE191A3C9}.Debug|ARM.ActiveCfg = Debug|Any CPU
		{64C9DF2D-D0ED-4C94-8818-D15EE191A3C9}.Debug|ARM.Build.0 = Debug|Any CPU
		{64C9DF2D-D0ED-4C94-8818-D15EE191A3C9}.Debug|iPhone.ActiveCfg = Debug|Any CPU
		{64C9DF2D-D0ED-4C94-8818-D15EE191A3C9}.Debug|iPhone.Build.0 = Debug|Any CPU
		{64C9DF2D-D0ED-4C94-8818-D15EE191A3C9}.Debug|iPhoneSimulator.ActiveCfg = Debug|Any CPU
		{64C9DF2D-D0ED-4C94-8818-D15EE191A3C9}.Debug|iPhoneSimulator.Build.0 = Debug|Any CPU
		{64C9DF2D-D0ED-4C94-8818-D15EE191A3C9}.Debug|x64.ActiveCfg = Debug|Any CPU
		{64C9DF2D-D0ED-4C94-8818-D15EE191A3C9}.Debug|x64.Build.0 = Debug|Any CPU
		{64C9DF2D-D0ED-4C94-8818-D15EE191A3C9}.Debug|x86.ActiveCfg = Debug|Any CPU
		{64C9DF2D-D0ED-4C94-8818-D15EE191A3C9}.Debug|x86.Build.0 = Debug|Any CPU
		{64C9DF2D-D0ED-4C94-8818-D15EE191A3C9}.Release|Any CPU.ActiveCfg = Release|Any CPU
		{64C9DF2D-D0ED-4C94-8818-D15EE191A3C9}.Release|Any CPU.Build.0 = Release|Any CPU
		{64C9DF2D-D0ED-4C94-8818-D15EE191A3C9}.Release|ARM.ActiveCfg = Release|Any CPU
		{64C9DF2D-D0ED-4C94-8818-D15EE191A3C9}.Release|ARM.Build.0 = Release|Any CPU
		{64C9DF2D-D0ED-4C94-8818-D15EE191A3C9}.Release|iPhone.ActiveCfg = Release|Any CPU
		{64C9DF2D-D0ED-4C94-8818-D15EE191A3C9}.Release|iPhone.Build.0 = Release|Any CPU
		{64C9DF2D-D0ED-4C94-8818-D15EE191A3C9}.Release|iPhoneSimulator.ActiveCfg = Release|Any CPU
		{64C9DF2D-D0ED-4C94-8818-D15EE191A3C9}.Release|iPhoneSimulator.Build.0 = Release|Any CPU
		{64C9DF2D-D0ED-4C94-8818-D15EE191A3C9}.Release|x64.ActiveCfg = Release|Any CPU
		{64C9DF2D-D0ED-4C94-8818-D15EE191A3C9}.Release|x64.Build.0 = Release|Any CPU
		{64C9DF2D-D0ED-4C94-8818-D15EE191A3C9}.Release|x86.ActiveCfg = Release|Any CPU
		{64C9DF2D-D0ED-4C94-8818-D15EE191A3C9}.Release|x86.Build.0 = Release|Any CPU
		{E7E1C814-58D2-41DC-99A6-8166F69EA478}.Debug|Any CPU.ActiveCfg = Debug|Any CPU
		{E7E1C814-58D2-41DC-99A6-8166F69EA478}.Debug|Any CPU.Build.0 = Debug|Any CPU
		{E7E1C814-58D2-41DC-99A6-8166F69EA478}.Debug|ARM.ActiveCfg = Debug|Any CPU
		{E7E1C814-58D2-41DC-99A6-8166F69EA478}.Debug|ARM.Build.0 = Debug|Any CPU
		{E7E1C814-58D2-41DC-99A6-8166F69EA478}.Debug|iPhone.ActiveCfg = Debug|Any CPU
		{E7E1C814-58D2-41DC-99A6-8166F69EA478}.Debug|iPhone.Build.0 = Debug|Any CPU
		{E7E1C814-58D2-41DC-99A6-8166F69EA478}.Debug|iPhoneSimulator.ActiveCfg = Debug|Any CPU
		{E7E1C814-58D2-41DC-99A6-8166F69EA478}.Debug|iPhoneSimulator.Build.0 = Debug|Any CPU
		{E7E1C814-58D2-41DC-99A6-8166F69EA478}.Debug|x64.ActiveCfg = Debug|Any CPU
		{E7E1C814-58D2-41DC-99A6-8166F69EA478}.Debug|x64.Build.0 = Debug|Any CPU
		{E7E1C814-58D2-41DC-99A6-8166F69EA478}.Debug|x86.ActiveCfg = Debug|Any CPU
		{E7E1C814-58D2-41DC-99A6-8166F69EA478}.Debug|x86.Build.0 = Debug|Any CPU
		{E7E1C814-58D2-41DC-99A6-8166F69EA478}.Release|Any CPU.ActiveCfg = Release|Any CPU
		{E7E1C814-58D2-41DC-99A6-8166F69EA478}.Release|Any CPU.Build.0 = Release|Any CPU
		{E7E1C814-58D2-41DC-99A6-8166F69EA478}.Release|ARM.ActiveCfg = Release|Any CPU
		{E7E1C814-58D2-41DC-99A6-8166F69EA478}.Release|ARM.Build.0 = Release|Any CPU
		{E7E1C814-58D2-41DC-99A6-8166F69EA478}.Release|iPhone.ActiveCfg = Release|Any CPU
		{E7E1C814-58D2-41DC-99A6-8166F69EA478}.Release|iPhone.Build.0 = Release|Any CPU
		{E7E1C814-58D2-41DC-99A6-8166F69EA478}.Release|iPhoneSimulator.ActiveCfg = Release|Any CPU
		{E7E1C814-58D2-41DC-99A6-8166F69EA478}.Release|iPhoneSimulator.Build.0 = Release|Any CPU
		{E7E1C814-58D2-41DC-99A6-8166F69EA478}.Release|x64.ActiveCfg = Release|Any CPU
		{E7E1C814-58D2-41DC-99A6-8166F69EA478}.Release|x64.Build.0 = Release|Any CPU
		{E7E1C814-58D2-41DC-99A6-8166F69EA478}.Release|x86.ActiveCfg = Release|Any CPU
		{E7E1C814-58D2-41DC-99A6-8166F69EA478}.Release|x86.Build.0 = Release|Any CPU
		{76A118BA-0C1C-49B1-94B9-33BD069497FC}.Debug|Any CPU.ActiveCfg = Debug|Any CPU
		{76A118BA-0C1C-49B1-94B9-33BD069497FC}.Debug|Any CPU.Build.0 = Debug|Any CPU
		{76A118BA-0C1C-49B1-94B9-33BD069497FC}.Debug|ARM.ActiveCfg = Debug|Any CPU
		{76A118BA-0C1C-49B1-94B9-33BD069497FC}.Debug|ARM.Build.0 = Debug|Any CPU
		{76A118BA-0C1C-49B1-94B9-33BD069497FC}.Debug|iPhone.ActiveCfg = Debug|Any CPU
		{76A118BA-0C1C-49B1-94B9-33BD069497FC}.Debug|iPhone.Build.0 = Debug|Any CPU
		{76A118BA-0C1C-49B1-94B9-33BD069497FC}.Debug|iPhoneSimulator.ActiveCfg = Debug|Any CPU
		{76A118BA-0C1C-49B1-94B9-33BD069497FC}.Debug|iPhoneSimulator.Build.0 = Debug|Any CPU
		{76A118BA-0C1C-49B1-94B9-33BD069497FC}.Debug|x64.ActiveCfg = Debug|Any CPU
		{76A118BA-0C1C-49B1-94B9-33BD069497FC}.Debug|x64.Build.0 = Debug|Any CPU
		{76A118BA-0C1C-49B1-94B9-33BD069497FC}.Debug|x86.ActiveCfg = Debug|Any CPU
		{76A118BA-0C1C-49B1-94B9-33BD069497FC}.Debug|x86.Build.0 = Debug|Any CPU
		{76A118BA-0C1C-49B1-94B9-33BD069497FC}.Release|Any CPU.ActiveCfg = Release|Any CPU
		{76A118BA-0C1C-49B1-94B9-33BD069497FC}.Release|Any CPU.Build.0 = Release|Any CPU
		{76A118BA-0C1C-49B1-94B9-33BD069497FC}.Release|ARM.ActiveCfg = Release|Any CPU
		{76A118BA-0C1C-49B1-94B9-33BD069497FC}.Release|ARM.Build.0 = Release|Any CPU
		{76A118BA-0C1C-49B1-94B9-33BD069497FC}.Release|iPhone.ActiveCfg = Release|Any CPU
		{76A118BA-0C1C-49B1-94B9-33BD069497FC}.Release|iPhone.Build.0 = Release|Any CPU
		{76A118BA-0C1C-49B1-94B9-33BD069497FC}.Release|iPhoneSimulator.ActiveCfg = Release|Any CPU
		{76A118BA-0C1C-49B1-94B9-33BD069497FC}.Release|iPhoneSimulator.Build.0 = Release|Any CPU
		{76A118BA-0C1C-49B1-94B9-33BD069497FC}.Release|x64.ActiveCfg = Release|Any CPU
		{76A118BA-0C1C-49B1-94B9-33BD069497FC}.Release|x64.Build.0 = Release|Any CPU
		{76A118BA-0C1C-49B1-94B9-33BD069497FC}.Release|x86.ActiveCfg = Release|Any CPU
		{76A118BA-0C1C-49B1-94B9-33BD069497FC}.Release|x86.Build.0 = Release|Any CPU
		{E2D5DDD1-CC4E-41B1-A6EF-6BAB2F3EA9BD}.Debug|Any CPU.ActiveCfg = Debug|Any CPU
		{E2D5DDD1-CC4E-41B1-A6EF-6BAB2F3EA9BD}.Debug|Any CPU.Build.0 = Debug|Any CPU
		{E2D5DDD1-CC4E-41B1-A6EF-6BAB2F3EA9BD}.Debug|ARM.ActiveCfg = Debug|Any CPU
		{E2D5DDD1-CC4E-41B1-A6EF-6BAB2F3EA9BD}.Debug|ARM.Build.0 = Debug|Any CPU
		{E2D5DDD1-CC4E-41B1-A6EF-6BAB2F3EA9BD}.Debug|iPhone.ActiveCfg = Debug|Any CPU
		{E2D5DDD1-CC4E-41B1-A6EF-6BAB2F3EA9BD}.Debug|iPhone.Build.0 = Debug|Any CPU
		{E2D5DDD1-CC4E-41B1-A6EF-6BAB2F3EA9BD}.Debug|iPhoneSimulator.ActiveCfg = Debug|Any CPU
		{E2D5DDD1-CC4E-41B1-A6EF-6BAB2F3EA9BD}.Debug|iPhoneSimulator.Build.0 = Debug|Any CPU
		{E2D5DDD1-CC4E-41B1-A6EF-6BAB2F3EA9BD}.Debug|x64.ActiveCfg = Debug|Any CPU
		{E2D5DDD1-CC4E-41B1-A6EF-6BAB2F3EA9BD}.Debug|x64.Build.0 = Debug|Any CPU
		{E2D5DDD1-CC4E-41B1-A6EF-6BAB2F3EA9BD}.Debug|x86.ActiveCfg = Debug|Any CPU
		{E2D5DDD1-CC4E-41B1-A6EF-6BAB2F3EA9BD}.Debug|x86.Build.0 = Debug|Any CPU
		{E2D5DDD1-CC4E-41B1-A6EF-6BAB2F3EA9BD}.Release|Any CPU.ActiveCfg = Release|Any CPU
		{E2D5DDD1-CC4E-41B1-A6EF-6BAB2F3EA9BD}.Release|Any CPU.Build.0 = Release|Any CPU
		{E2D5DDD1-CC4E-41B1-A6EF-6BAB2F3EA9BD}.Release|ARM.ActiveCfg = Release|Any CPU
		{E2D5DDD1-CC4E-41B1-A6EF-6BAB2F3EA9BD}.Release|ARM.Build.0 = Release|Any CPU
		{E2D5DDD1-CC4E-41B1-A6EF-6BAB2F3EA9BD}.Release|iPhone.ActiveCfg = Release|Any CPU
		{E2D5DDD1-CC4E-41B1-A6EF-6BAB2F3EA9BD}.Release|iPhone.Build.0 = Release|Any CPU
		{E2D5DDD1-CC4E-41B1-A6EF-6BAB2F3EA9BD}.Release|iPhoneSimulator.ActiveCfg = Release|Any CPU
		{E2D5DDD1-CC4E-41B1-A6EF-6BAB2F3EA9BD}.Release|iPhoneSimulator.Build.0 = Release|Any CPU
		{E2D5DDD1-CC4E-41B1-A6EF-6BAB2F3EA9BD}.Release|x64.ActiveCfg = Release|Any CPU
		{E2D5DDD1-CC4E-41B1-A6EF-6BAB2F3EA9BD}.Release|x64.Build.0 = Release|Any CPU
		{E2D5DDD1-CC4E-41B1-A6EF-6BAB2F3EA9BD}.Release|x86.ActiveCfg = Release|Any CPU
		{E2D5DDD1-CC4E-41B1-A6EF-6BAB2F3EA9BD}.Release|x86.Build.0 = Release|Any CPU
		{43BCA91B-AC27-4C29-A845-3E847EA64596}.Debug|Any CPU.ActiveCfg = Debug|Any CPU
		{43BCA91B-AC27-4C29-A845-3E847EA64596}.Debug|Any CPU.Build.0 = Debug|Any CPU
		{43BCA91B-AC27-4C29-A845-3E847EA64596}.Debug|ARM.ActiveCfg = Debug|Any CPU
		{43BCA91B-AC27-4C29-A845-3E847EA64596}.Debug|ARM.Build.0 = Debug|Any CPU
		{43BCA91B-AC27-4C29-A845-3E847EA64596}.Debug|iPhone.ActiveCfg = Debug|Any CPU
		{43BCA91B-AC27-4C29-A845-3E847EA64596}.Debug|iPhone.Build.0 = Debug|Any CPU
		{43BCA91B-AC27-4C29-A845-3E847EA64596}.Debug|iPhoneSimulator.ActiveCfg = Debug|Any CPU
		{43BCA91B-AC27-4C29-A845-3E847EA64596}.Debug|iPhoneSimulator.Build.0 = Debug|Any CPU
		{43BCA91B-AC27-4C29-A845-3E847EA64596}.Debug|x64.ActiveCfg = Debug|Any CPU
		{43BCA91B-AC27-4C29-A845-3E847EA64596}.Debug|x64.Build.0 = Debug|Any CPU
		{43BCA91B-AC27-4C29-A845-3E847EA64596}.Debug|x86.ActiveCfg = Debug|Any CPU
		{43BCA91B-AC27-4C29-A845-3E847EA64596}.Debug|x86.Build.0 = Debug|Any CPU
		{43BCA91B-AC27-4C29-A845-3E847EA64596}.Release|Any CPU.ActiveCfg = Release|Any CPU
		{43BCA91B-AC27-4C29-A845-3E847EA64596}.Release|Any CPU.Build.0 = Release|Any CPU
		{43BCA91B-AC27-4C29-A845-3E847EA64596}.Release|ARM.ActiveCfg = Release|Any CPU
		{43BCA91B-AC27-4C29-A845-3E847EA64596}.Release|ARM.Build.0 = Release|Any CPU
		{43BCA91B-AC27-4C29-A845-3E847EA64596}.Release|iPhone.ActiveCfg = Release|Any CPU
		{43BCA91B-AC27-4C29-A845-3E847EA64596}.Release|iPhone.Build.0 = Release|Any CPU
		{43BCA91B-AC27-4C29-A845-3E847EA64596}.Release|iPhoneSimulator.ActiveCfg = Release|Any CPU
		{43BCA91B-AC27-4C29-A845-3E847EA64596}.Release|iPhoneSimulator.Build.0 = Release|Any CPU
		{43BCA91B-AC27-4C29-A845-3E847EA64596}.Release|x64.ActiveCfg = Release|Any CPU
		{43BCA91B-AC27-4C29-A845-3E847EA64596}.Release|x64.Build.0 = Release|Any CPU
		{43BCA91B-AC27-4C29-A845-3E847EA64596}.Release|x86.ActiveCfg = Release|Any CPU
		{43BCA91B-AC27-4C29-A845-3E847EA64596}.Release|x86.Build.0 = Release|Any CPU
	EndGlobalSection
	GlobalSection(SolutionProperties) = preSolution
		HideSolutionNode = FALSE
	EndGlobalSection
	GlobalSection(NestedProjects) = preSolution
		{CFA4655F-E23C-4E4B-99B1-99BC1E992BE7} = {2A3272C6-9AFA-4622-9AED-65255707DA3E}
		{D1643968-EA81-4AFA-8FE5-D13A18CAD3FF} = {2A3272C6-9AFA-4622-9AED-65255707DA3E}
		{1D49AB2B-355D-4755-8CA6-682EE6BFE872} = {CFA4655F-E23C-4E4B-99B1-99BC1E992BE7}
		{2C01502B-9B3B-49D7-B3D8-82B8C782FA5F} = {CFA4655F-E23C-4E4B-99B1-99BC1E992BE7}
		{07059489-B792-4321-AEC1-5FBF395B2332} = {CFA4655F-E23C-4E4B-99B1-99BC1E992BE7}
		{033C3781-98D0-45CF-88F7-DB810FC18549} = {CFA4655F-E23C-4E4B-99B1-99BC1E992BE7}
		{E2D5DDD1-CC4E-41B1-A6EF-6BAB2F3EA9BD} = {D1643968-EA81-4AFA-8FE5-D13A18CAD3FF}
		{43BCA91B-AC27-4C29-A845-3E847EA64596} = {D1643968-EA81-4AFA-8FE5-D13A18CAD3FF}
	EndGlobalSection
	GlobalSection(ExtensibilityGlobals) = postSolution
		SolutionGuid = {97CDEBB0-AFDA-4E4E-9D58-A140FE60E27B}
	EndGlobalSection
EndGlobal
